schema: '2.0'
stages:
  data_cleaning:
    cmd: python data_cleaning.py
    deps:
    - path: data/Music Info.csv
      hash: md5
      md5: e63b74919a3cdada5c804df4666391c9
      size: 14985870
    - path: data_cleaning.py
      hash: md5
      md5: 092acfc1c8a0fd5a6c426375a1234fbf
      size: 2092
    outs:
    - path: data/cleaned_data.csv
      hash: md5
      md5: ad73ab9b7c97fed0f3cc26fc9b24f8c6
      size: 13712182
  transform_data:
    cmd: python content_based_filtering.py
    deps:
    - path: content_based_filtering.py
      hash: md5
      md5: df6220a55646e4da632f3e76ec00bc47
      size: 4818
    - path: data/cleaned_data.csv
      hash: md5
      md5: ad73ab9b7c97fed0f3cc26fc9b24f8c6
      size: 13712182
    - path: data_cleaning.py
      hash: md5
      md5: 092acfc1c8a0fd5a6c426375a1234fbf
      size: 2092
    outs:
    - path: data/transformed_data.npz
      hash: md5
      md5: 7f0f6c4dfaa26361495ebb258aa0235c
      size: 4523498
    - path: transformer.joblib
      hash: md5
      md5: 341814b659c53a81c0488ed2dcb180ae
      size: 135581
